lockfileVersion: '9.0'

settings:
  autoInstallPeers: true
  excludeLinksFromLockfile: false

importers:

  .:
    dependencies:
      acorn:
        specifier: ^8.14.0
        version: 8.14.0
      acorn-globals:
        specifier: ^7.0.1
        version: 7.0.1
      acorn-loose:
        specifier: ^8.4.0
        version: 8.4.0
      acorn-walk:
        specifier: ^8.3.4
        version: 8.3.4
      astring:
        specifier: ^1.9.0
        version: 1.9.0

packages:

  acorn-globals@7.0.1:
    resolution: {integrity: sha512-umOSDSDrfHbTNPuNpC2NSnnA3LUrqpevPb4T9jRx4MagXNS0rs+gwiTcAvqCRmsD6utzsrzNt+ebm00SNWiC3Q==}

  acorn-loose@8.4.0:
    resolution: {integrity: sha512-M0EUka6rb+QC4l9Z3T0nJEzNOO7JcoJlYMrBlyBCiFSXRyxjLKayd4TbQs2FDRWQU1h9FR7QVNHt+PEaoNL5rQ==}
    engines: {node: '>=0.4.0'}

  acorn-walk@8.3.4:
    resolution: {integrity: sha512-ueEepnujpqee2o5aIYnvHU6C0A42MNdsIDeqy5BydrkuC5R1ZuUFnm27EeFJGoEHJQgn3uleRvmTXaJgfXbt4g==}
    engines: {node: '>=0.4.0'}

  acorn@8.14.0:
    resolution: {integrity: sha512-cl669nCJTZBsL97OF4kUQm5g5hC2uihk0NxY3WENAC0TYdILVkAyHymAntgxGkl7K+t0cXIrH5siy5S4XkFycA==}
    engines: {node: '>=0.4.0'}
    hasBin: true

  astring@1.9.0:
    resolution: {integrity: sha512-LElXdjswlqjWrPpJFg1Fx4wpkOCxj1TDHlSV4PlaRxHGWko024xICaa97ZkMfs6DRKlCguiAI+rbXv5GWwXIkg==}
    hasBin: true

snapshots:

  acorn-globals@7.0.1:
    dependencies:
      acorn: 8.14.0
      acorn-walk: 8.3.4

  acorn-loose@8.4.0:
    dependencies:
      acorn: 8.14.0

  acorn-walk@8.3.4:
    dependencies:
      acorn: 8.14.0

  acorn@8.14.0: {}

  astring@1.9.0: {}
